
Microsoft Visual Studio Solution File, Format Version 12.00
# Visual Studio 15
VisualStudioVersion = 15.0.26730.12
MinimumVisualStudioVersion = 10.0.40219.1
Project("{2150E333-8FDC-42A3-9474-1A3956D46DE8}") = "External", "External", "{807563C4-7259-434D-B604-A14C3DCF8E30}"
EndProject
Project("{2150E333-8FDC-42A3-9474-1A3956D46DE8}") = "global", "global", "{2FF3130A-E8F3-4E0B-8733-B34C4A19910C}"
	ProjectSection(SolutionItems) = preProject
		.editorconfig = .editorconfig
		..\.travis.yml = ..\.travis.yml
		..\appveyor.yml = ..\appveyor.yml
		..\build.sh = ..\build.sh
		global.json = global.json
	EndProjectSection
EndProject
Project("{9A19103F-16F7-4668-BE54-9A1E7A4F7556}") = "Breeze.Daemon", "src\Breeze.Daemon\Breeze.Daemon.csproj", "{AAF6163B-1BE2-48CE-9F9F-577C6D7AAB8D}"
EndProject
Project("{9A19103F-16F7-4668-BE54-9A1E7A4F7556}") = "Stratis.Bitcoin", "..\StratisBitcoinFullNode\Stratis.Bitcoin\Stratis.Bitcoin.csproj", "{C93CB29F-C0A1-40D6-A4CC-B93C75423ED5}"
EndProject
Project("{9A19103F-16F7-4668-BE54-9A1E7A4F7556}") = "NBitcoin", "..\StratisBitcoinFullNode\NStratis\NBitcoin\NBitcoin.csproj", "{05787CEF-6A8F-4FF5-A57C-C8A5D4F6C2DB}"
EndProject
Project("{9A19103F-16F7-4668-BE54-9A1E7A4F7556}") = "HashLib", "..\StratisBitcoinFullNode\NStratis\Hashing\HashLib\HashLib.csproj", "{25A26C47-210F-4B7F-A48C-71760D0C9475}"
EndProject
Project("{9A19103F-16F7-4668-BE54-9A1E7A4F7556}") = "Stratis.Bitcoin.Api", "..\StratisBitcoinFullNode\Stratis.Bitcoin.Api\Stratis.Bitcoin.Api.csproj", "{D541577E-2AB1-4379-BA6D-2F23F0B1DFBB}"
EndProject
Project("{9A19103F-16F7-4668-BE54-9A1E7A4F7556}") = "Stratis.Bitcoin.Features.LightWallet", "..\StratisBitcoinFullNode\Stratis.Bitcoin.Features.LightWallet\Stratis.Bitcoin.Features.LightWallet.csproj", "{64EF5766-40C7-46D4-87AA-ED16D0F867B1}"
EndProject
Project("{9A19103F-16F7-4668-BE54-9A1E7A4F7556}") = "Stratis.Bitcoin.Features.BlockStore", "..\StratisBitcoinFullNode\Stratis.Bitcoin.Features.BlockStore\Stratis.Bitcoin.Features.BlockStore.csproj", "{AB686D72-2020-4FA7-8643-7B0F2E4AD7CB}"
EndProject
Project("{9A19103F-16F7-4668-BE54-9A1E7A4F7556}") = "Stratis.Bitcoin.Features.MemoryPool", "..\StratisBitcoinFullNode\Stratis.Bitcoin.Features.MemoryPool\Stratis.Bitcoin.Features.MemoryPool.csproj", "{287961D7-D1EC-40A5-B3DE-EA8C81772D08}"
EndProject
Project("{9A19103F-16F7-4668-BE54-9A1E7A4F7556}") = "Stratis.Bitcoin.Features.Notifications", "..\StratisBitcoinFullNode\Stratis.Bitcoin.Features.Notifications\Stratis.Bitcoin.Features.Notifications.csproj", "{B5B03329-07DE-4B23-A6BC-C21C0F9D2A88}"
EndProject
Project("{9A19103F-16F7-4668-BE54-9A1E7A4F7556}") = "Stratis.Bitcoin.Features.Consensus", "..\StratisBitcoinFullNode\Stratis.Bitcoin.Features.Consensus\Stratis.Bitcoin.Features.Consensus.csproj", "{2D31A6F0-FB87-4887-978B-3D200DA12FBF}"
EndProject
Project("{9A19103F-16F7-4668-BE54-9A1E7A4F7556}") = "Stratis.Bitcoin.Features.Wallet", "..\StratisBitcoinFullNode\Stratis.Bitcoin.Features.Wallet\Stratis.Bitcoin.Features.Wallet.csproj", "{14A999E3-B35E-42EE-9C45-5ECBF0B75E50}"
EndProject
Global
	GlobalSection(SolutionConfigurationPlatforms) = preSolution
		Debug|Any CPU = Debug|Any CPU
		Release|Any CPU = Release|Any CPU
	EndGlobalSection
	GlobalSection(ProjectConfigurationPlatforms) = postSolution
		{AAF6163B-1BE2-48CE-9F9F-577C6D7AAB8D}.Debug|Any CPU.ActiveCfg = Debug|Any CPU
		{AAF6163B-1BE2-48CE-9F9F-577C6D7AAB8D}.Debug|Any CPU.Build.0 = Debug|Any CPU
		{AAF6163B-1BE2-48CE-9F9F-577C6D7AAB8D}.Release|Any CPU.ActiveCfg = Release|Any CPU
		{AAF6163B-1BE2-48CE-9F9F-577C6D7AAB8D}.Release|Any CPU.Build.0 = Release|Any CPU
		{C93CB29F-C0A1-40D6-A4CC-B93C75423ED5}.Debug|Any CPU.ActiveCfg = Debug|Any CPU
		{C93CB29F-C0A1-40D6-A4CC-B93C75423ED5}.Debug|Any CPU.Build.0 = Debug|Any CPU
		{C93CB29F-C0A1-40D6-A4CC-B93C75423ED5}.Release|Any CPU.ActiveCfg = Release|Any CPU
		{C93CB29F-C0A1-40D6-A4CC-B93C75423ED5}.Release|Any CPU.Build.0 = Release|Any CPU
		{05787CEF-6A8F-4FF5-A57C-C8A5D4F6C2DB}.Debug|Any CPU.ActiveCfg = Debug|Any CPU
		{05787CEF-6A8F-4FF5-A57C-C8A5D4F6C2DB}.Debug|Any CPU.Build.0 = Debug|Any CPU
		{05787CEF-6A8F-4FF5-A57C-C8A5D4F6C2DB}.Release|Any CPU.ActiveCfg = Release|Any CPU
		{05787CEF-6A8F-4FF5-A57C-C8A5D4F6C2DB}.Release|Any CPU.Build.0 = Release|Any CPU
		{25A26C47-210F-4B7F-A48C-71760D0C9475}.Debug|Any CPU.ActiveCfg = Debug|Any CPU
		{25A26C47-210F-4B7F-A48C-71760D0C9475}.Debug|Any CPU.Build.0 = Debug|Any CPU
		{25A26C47-210F-4B7F-A48C-71760D0C9475}.Release|Any CPU.ActiveCfg = Release|Any CPU
		{25A26C47-210F-4B7F-A48C-71760D0C9475}.Release|Any CPU.Build.0 = Release|Any CPU
		{D541577E-2AB1-4379-BA6D-2F23F0B1DFBB}.Debug|Any CPU.ActiveCfg = Debug|Any CPU
		{D541577E-2AB1-4379-BA6D-2F23F0B1DFBB}.Debug|Any CPU.Build.0 = Debug|Any CPU
		{D541577E-2AB1-4379-BA6D-2F23F0B1DFBB}.Release|Any CPU.ActiveCfg = Release|Any CPU
		{D541577E-2AB1-4379-BA6D-2F23F0B1DFBB}.Release|Any CPU.Build.0 = Release|Any CPU
		{64EF5766-40C7-46D4-87AA-ED16D0F867B1}.Debug|Any CPU.ActiveCfg = Debug|Any CPU
		{64EF5766-40C7-46D4-87AA-ED16D0F867B1}.Debug|Any CPU.Build.0 = Debug|Any CPU
		{64EF5766-40C7-46D4-87AA-ED16D0F867B1}.Release|Any CPU.ActiveCfg = Release|Any CPU
		{64EF5766-40C7-46D4-87AA-ED16D0F867B1}.Release|Any CPU.Build.0 = Release|Any CPU
		{AB686D72-2020-4FA7-8643-7B0F2E4AD7CB}.Debug|Any CPU.ActiveCfg = Debug|Any CPU
		{AB686D72-2020-4FA7-8643-7B0F2E4AD7CB}.Debug|Any CPU.Build.0 = Debug|Any CPU
		{AB686D72-2020-4FA7-8643-7B0F2E4AD7CB}.Release|Any CPU.ActiveCfg = Release|Any CPU
		{AB686D72-2020-4FA7-8643-7B0F2E4AD7CB}.Release|Any CPU.Build.0 = Release|Any CPU
		{287961D7-D1EC-40A5-B3DE-EA8C81772D08}.Debug|Any CPU.ActiveCfg = Debug|Any CPU
		{287961D7-D1EC-40A5-B3DE-EA8C81772D08}.Debug|Any CPU.Build.0 = Debug|Any CPU
		{287961D7-D1EC-40A5-B3DE-EA8C81772D08}.Release|Any CPU.ActiveCfg = Release|Any CPU
		{287961D7-D1EC-40A5-B3DE-EA8C81772D08}.Release|Any CPU.Build.0 = Release|Any CPU
		{B5B03329-07DE-4B23-A6BC-C21C0F9D2A88}.Debug|Any CPU.ActiveCfg = Debug|Any CPU
		{B5B03329-07DE-4B23-A6BC-C21C0F9D2A88}.Debug|Any CPU.Build.0 = Debug|Any CPU
		{B5B03329-07DE-4B23-A6BC-C21C0F9D2A88}.Release|Any CPU.ActiveCfg = Release|Any CPU
		{B5B03329-07DE-4B23-A6BC-C21C0F9D2A88}.Release|Any CPU.Build.0 = Release|Any CPU
		{2D31A6F0-FB87-4887-978B-3D200DA12FBF}.Debug|Any CPU.ActiveCfg = Debug|Any CPU
		{2D31A6F0-FB87-4887-978B-3D200DA12FBF}.Debug|Any CPU.Build.0 = Debug|Any CPU
		{2D31A6F0-FB87-4887-978B-3D200DA12FBF}.Release|Any CPU.ActiveCfg = Release|Any CPU
		{2D31A6F0-FB87-4887-978B-3D200DA12FBF}.Release|Any CPU.Build.0 = Release|Any CPU
		{14A999E3-B35E-42EE-9C45-5ECBF0B75E50}.Debug|Any CPU.ActiveCfg = Debug|Any CPU
		{14A999E3-B35E-42EE-9C45-5ECBF0B75E50}.Debug|Any CPU.Build.0 = Debug|Any CPU
		{14A999E3-B35E-42EE-9C45-5ECBF0B75E50}.Release|Any CPU.ActiveCfg = Release|Any CPU
		{14A999E3-B35E-42EE-9C45-5ECBF0B75E50}.Release|Any CPU.Build.0 = Release|Any CPU
	EndGlobalSection
	GlobalSection(SolutionProperties) = preSolution
		HideSolutionNode = FALSE
	EndGlobalSection
	GlobalSection(NestedProjects) = preSolution
		{C93CB29F-C0A1-40D6-A4CC-B93C75423ED5} = {807563C4-7259-434D-B604-A14C3DCF8E30}
		{05787CEF-6A8F-4FF5-A57C-C8A5D4F6C2DB} = {807563C4-7259-434D-B604-A14C3DCF8E30}
		{25A26C47-210F-4B7F-A48C-71760D0C9475} = {807563C4-7259-434D-B604-A14C3DCF8E30}
		{D541577E-2AB1-4379-BA6D-2F23F0B1DFBB} = {807563C4-7259-434D-B604-A14C3DCF8E30}
		{64EF5766-40C7-46D4-87AA-ED16D0F867B1} = {807563C4-7259-434D-B604-A14C3DCF8E30}
		{AB686D72-2020-4FA7-8643-7B0F2E4AD7CB} = {807563C4-7259-434D-B604-A14C3DCF8E30}
		{287961D7-D1EC-40A5-B3DE-EA8C81772D08} = {807563C4-7259-434D-B604-A14C3DCF8E30}
		{B5B03329-07DE-4B23-A6BC-C21C0F9D2A88} = {807563C4-7259-434D-B604-A14C3DCF8E30}
		{2D31A6F0-FB87-4887-978B-3D200DA12FBF} = {807563C4-7259-434D-B604-A14C3DCF8E30}
		{14A999E3-B35E-42EE-9C45-5ECBF0B75E50} = {807563C4-7259-434D-B604-A14C3DCF8E30}
	EndGlobalSection
	GlobalSection(ExtensibilityGlobals) = postSolution
		SolutionGuid = {45E7631F-9783-47C2-AB68-4E3B77E250B0}
	EndGlobalSection
EndGlobal
