
Microsoft Visual Studio Solution File, Format Version 12.00
# Visual Studio 15
VisualStudioVersion = 15.0.26430.15
MinimumVisualStudioVersion = 10.0.40219.1
Project("{2150E333-8FDC-42A3-9474-1A3956D46DE8}") = "src", "src", "{807563C4-7259-434D-B604-A14C3DCF8E30}"
EndProject
Project("{2150E333-8FDC-42A3-9474-1A3956D46DE8}") = "global", "global", "{2FF3130A-E8F3-4E0B-8733-B34C4A19910C}"
	ProjectSection(SolutionItems) = preProject
		.editorconfig = .editorconfig
		..\appveyor.yml = ..\appveyor.yml
		global.json = global.json
	EndProjectSection
EndProject
Project("{9A19103F-16F7-4668-BE54-9A1E7A4F7556}") = "Breeze.Api", "src\Breeze.Api\Breeze.Api.csproj", "{E7B3E9EB-34E8-4B10-B296-4D5270E314A4}"
EndProject
Project("{9A19103F-16F7-4668-BE54-9A1E7A4F7556}") = "Breeze.Api.Tests", "src\Breeze.Api.Tests\Breeze.Api.Tests.csproj", "{BD5174B4-DCE8-4594-9A16-B83E56767770}"
EndProject
Project("{9A19103F-16F7-4668-BE54-9A1E7A4F7556}") = "Breeze.Wallet", "src\Breeze.Wallet\Breeze.Wallet.csproj", "{D16CD478-9D1E-4C69-91AD-43539E94A215}"
EndProject
Project("{9A19103F-16F7-4668-BE54-9A1E7A4F7556}") = "Breeze.TumbleBit.Client", "src\Breeze.TumbleBit.Client\Breeze.TumbleBit.Client.csproj", "{2490DD1A-6C14-47F2-A9C6-56761A52E2D9}"
EndProject
Project("{2150E333-8FDC-42A3-9474-1A3956D46DE8}") = "TumbleBit", "TumbleBit", "{1B724678-2B73-483E-B981-3A6733C2194E}"
EndProject
Project("{9A19103F-16F7-4668-BE54-9A1E7A4F7556}") = "NTumbleBit", "src\NTumbleBit\NTumbleBit.csproj", "{29E411B1-5687-43EE-A71B-6CCEC2289129}"
EndProject
Project("{9A19103F-16F7-4668-BE54-9A1E7A4F7556}") = "Breeze.Daemon", "src\Breeze.Daemon\Breeze.Daemon.csproj", "{AAF6163B-1BE2-48CE-9F9F-577C6D7AAB8D}"
EndProject
Project("{9A19103F-16F7-4668-BE54-9A1E7A4F7556}") = "Stratis.Bitcoin", "..\StratisBitcoinFullNode\Stratis.Bitcoin\Stratis.Bitcoin.csproj", "{C93CB29F-C0A1-40D6-A4CC-B93C75423ED5}"
EndProject
Project("{9A19103F-16F7-4668-BE54-9A1E7A4F7556}") = "Stratis.Bitcoin.Common", "..\StratisBitcoinFullNode\Stratis.Bitcoin.Common\Stratis.Bitcoin.Common.csproj", "{330D169F-1C9A-41B4-834B-AE363FF85811}"
EndProject
Global
	GlobalSection(SolutionConfigurationPlatforms) = preSolution
		Debug|Any CPU = Debug|Any CPU
		Release|Any CPU = Release|Any CPU
	EndGlobalSection
	GlobalSection(ProjectConfigurationPlatforms) = postSolution
		{E7B3E9EB-34E8-4B10-B296-4D5270E314A4}.Debug|Any CPU.ActiveCfg = Debug|Any CPU
		{E7B3E9EB-34E8-4B10-B296-4D5270E314A4}.Debug|Any CPU.Build.0 = Debug|Any CPU
		{E7B3E9EB-34E8-4B10-B296-4D5270E314A4}.Release|Any CPU.ActiveCfg = Release|Any CPU
		{E7B3E9EB-34E8-4B10-B296-4D5270E314A4}.Release|Any CPU.Build.0 = Release|Any CPU
		{BD5174B4-DCE8-4594-9A16-B83E56767770}.Debug|Any CPU.ActiveCfg = Debug|Any CPU
		{BD5174B4-DCE8-4594-9A16-B83E56767770}.Debug|Any CPU.Build.0 = Debug|Any CPU
		{BD5174B4-DCE8-4594-9A16-B83E56767770}.Release|Any CPU.ActiveCfg = Release|Any CPU
		{BD5174B4-DCE8-4594-9A16-B83E56767770}.Release|Any CPU.Build.0 = Release|Any CPU
		{D16CD478-9D1E-4C69-91AD-43539E94A215}.Debug|Any CPU.ActiveCfg = Debug|Any CPU
		{D16CD478-9D1E-4C69-91AD-43539E94A215}.Debug|Any CPU.Build.0 = Debug|Any CPU
		{D16CD478-9D1E-4C69-91AD-43539E94A215}.Release|Any CPU.ActiveCfg = Release|Any CPU
		{D16CD478-9D1E-4C69-91AD-43539E94A215}.Release|Any CPU.Build.0 = Release|Any CPU
		{2490DD1A-6C14-47F2-A9C6-56761A52E2D9}.Debug|Any CPU.ActiveCfg = Debug|Any CPU
		{2490DD1A-6C14-47F2-A9C6-56761A52E2D9}.Debug|Any CPU.Build.0 = Debug|Any CPU
		{2490DD1A-6C14-47F2-A9C6-56761A52E2D9}.Release|Any CPU.ActiveCfg = Release|Any CPU
		{2490DD1A-6C14-47F2-A9C6-56761A52E2D9}.Release|Any CPU.Build.0 = Release|Any CPU
		{29E411B1-5687-43EE-A71B-6CCEC2289129}.Debug|Any CPU.ActiveCfg = Debug|Any CPU
		{29E411B1-5687-43EE-A71B-6CCEC2289129}.Debug|Any CPU.Build.0 = Debug|Any CPU
		{29E411B1-5687-43EE-A71B-6CCEC2289129}.Release|Any CPU.ActiveCfg = Release|Any CPU
		{29E411B1-5687-43EE-A71B-6CCEC2289129}.Release|Any CPU.Build.0 = Release|Any CPU
		{AAF6163B-1BE2-48CE-9F9F-577C6D7AAB8D}.Debug|Any CPU.ActiveCfg = Debug|Any CPU
		{AAF6163B-1BE2-48CE-9F9F-577C6D7AAB8D}.Debug|Any CPU.Build.0 = Debug|Any CPU
		{AAF6163B-1BE2-48CE-9F9F-577C6D7AAB8D}.Release|Any CPU.ActiveCfg = Release|Any CPU
		{AAF6163B-1BE2-48CE-9F9F-577C6D7AAB8D}.Release|Any CPU.Build.0 = Release|Any CPU
		{C93CB29F-C0A1-40D6-A4CC-B93C75423ED5}.Debug|Any CPU.ActiveCfg = Debug|Any CPU
		{C93CB29F-C0A1-40D6-A4CC-B93C75423ED5}.Debug|Any CPU.Build.0 = Debug|Any CPU
		{C93CB29F-C0A1-40D6-A4CC-B93C75423ED5}.Release|Any CPU.ActiveCfg = Release|Any CPU
		{C93CB29F-C0A1-40D6-A4CC-B93C75423ED5}.Release|Any CPU.Build.0 = Release|Any CPU
		{330D169F-1C9A-41B4-834B-AE363FF85811}.Debug|Any CPU.ActiveCfg = Debug|Any CPU
		{330D169F-1C9A-41B4-834B-AE363FF85811}.Debug|Any CPU.Build.0 = Debug|Any CPU
		{330D169F-1C9A-41B4-834B-AE363FF85811}.Release|Any CPU.ActiveCfg = Release|Any CPU
		{330D169F-1C9A-41B4-834B-AE363FF85811}.Release|Any CPU.Build.0 = Release|Any CPU
	EndGlobalSection
	GlobalSection(SolutionProperties) = preSolution
		HideSolutionNode = FALSE
	EndGlobalSection
	GlobalSection(NestedProjects) = preSolution
		{E7B3E9EB-34E8-4B10-B296-4D5270E314A4} = {807563C4-7259-434D-B604-A14C3DCF8E30}
		{BD5174B4-DCE8-4594-9A16-B83E56767770} = {807563C4-7259-434D-B604-A14C3DCF8E30}
		{D16CD478-9D1E-4C69-91AD-43539E94A215} = {807563C4-7259-434D-B604-A14C3DCF8E30}
		{2490DD1A-6C14-47F2-A9C6-56761A52E2D9} = {807563C4-7259-434D-B604-A14C3DCF8E30}
		{29E411B1-5687-43EE-A71B-6CCEC2289129} = {1B724678-2B73-483E-B981-3A6733C2194E}
		{AAF6163B-1BE2-48CE-9F9F-577C6D7AAB8D} = {807563C4-7259-434D-B604-A14C3DCF8E30}
	EndGlobalSection
EndGlobal
